
Microsoft Visual Studio Solution File, Format Version 12.00
# Visual Studio Version 16
VisualStudioVersion = 16.0.29613.14
MinimumVisualStudioVersion = 10.0.40219.1
Project("{F184B08F-C81C-45F6-A57F-5ABD9991F28F}") = "Scouting Mobile", "Scouting Mobile.vbproj", "{8EAB46B6-1F39-49C4-999D-96790083F5FF}"
EndProject
Project("{F184B08F-C81C-45F6-A57F-5ABD9991F28F}") = "Scouting Mobile.Tests.MSTest", "..\Scouting Mobile.Tests.MSTest\Scouting Mobile.Tests.MSTest.vbproj", "{B12126F7-E2C4-4780-8CDA-00703CCCE53A}"
EndProject
Project("{778DAE3C-4631-46EA-AA77-85C1314464D9}") = "Scouting Mobile.Core", "..\Scouting Mobile.Core\Scouting Mobile.Core.vbproj", "{2A585C24-BFA0-4C9F-85EC-A3C2680F058A}"
EndProject
Global
	GlobalSection(SolutionConfigurationPlatforms) = preSolution
		Debug|Any CPU = Debug|Any CPU
		Debug|ARM = Debug|ARM
		Debug|ARM64 = Debug|ARM64
		Debug|x64 = Debug|x64
		Debug|x86 = Debug|x86
		Release|Any CPU = Release|Any CPU
		Release|ARM = Release|ARM
		Release|ARM64 = Release|ARM64
		Release|x64 = Release|x64
		Release|x86 = Release|x86
	EndGlobalSection
	GlobalSection(ProjectConfigurationPlatforms) = postSolution
		{8EAB46B6-1F39-49C4-999D-96790083F5FF}.Debug|Any CPU.ActiveCfg = Debug|x86
		{8EAB46B6-1F39-49C4-999D-96790083F5FF}.Debug|ARM.ActiveCfg = Debug|ARM
		{8EAB46B6-1F39-49C4-999D-96790083F5FF}.Debug|ARM.Build.0 = Debug|ARM
		{8EAB46B6-1F39-49C4-999D-96790083F5FF}.Debug|ARM.Deploy.0 = Debug|ARM
		{8EAB46B6-1F39-49C4-999D-96790083F5FF}.Debug|ARM64.ActiveCfg = Debug|ARM64
		{8EAB46B6-1F39-49C4-999D-96790083F5FF}.Debug|ARM64.Build.0 = Debug|ARM64
		{8EAB46B6-1F39-49C4-999D-96790083F5FF}.Debug|ARM64.Deploy.0 = Debug|ARM64
		{8EAB46B6-1F39-49C4-999D-96790083F5FF}.Debug|x64.ActiveCfg = Debug|x64
		{8EAB46B6-1F39-49C4-999D-96790083F5FF}.Debug|x64.Build.0 = Debug|x64
		{8EAB46B6-1F39-49C4-999D-96790083F5FF}.Debug|x64.Deploy.0 = Debug|x64
		{8EAB46B6-1F39-49C4-999D-96790083F5FF}.Debug|x86.ActiveCfg = Debug|x86
		{8EAB46B6-1F39-49C4-999D-96790083F5FF}.Debug|x86.Build.0 = Debug|x86
		{8EAB46B6-1F39-49C4-999D-96790083F5FF}.Debug|x86.Deploy.0 = Debug|x86
		{8EAB46B6-1F39-49C4-999D-96790083F5FF}.Release|Any CPU.ActiveCfg = Release|x86
		{8EAB46B6-1F39-49C4-999D-96790083F5FF}.Release|ARM.ActiveCfg = Release|ARM
		{8EAB46B6-1F39-49C4-999D-96790083F5FF}.Release|ARM.Build.0 = Release|ARM
		{8EAB46B6-1F39-49C4-999D-96790083F5FF}.Release|ARM.Deploy.0 = Release|ARM
		{8EAB46B6-1F39-49C4-999D-96790083F5FF}.Release|ARM64.ActiveCfg = Release|ARM64
		{8EAB46B6-1F39-49C4-999D-96790083F5FF}.Release|ARM64.Build.0 = Release|ARM64
		{8EAB46B6-1F39-49C4-999D-96790083F5FF}.Release|ARM64.Deploy.0 = Release|ARM64
		{8EAB46B6-1F39-49C4-999D-96790083F5FF}.Release|x64.ActiveCfg = Release|x64
		{8EAB46B6-1F39-49C4-999D-96790083F5FF}.Release|x64.Build.0 = Release|x64
		{8EAB46B6-1F39-49C4-999D-96790083F5FF}.Release|x64.Deploy.0 = Release|x64
		{8EAB46B6-1F39-49C4-999D-96790083F5FF}.Release|x86.ActiveCfg = Release|x86
		{8EAB46B6-1F39-49C4-999D-96790083F5FF}.Release|x86.Build.0 = Release|x86
		{8EAB46B6-1F39-49C4-999D-96790083F5FF}.Release|x86.Deploy.0 = Release|x86
		{B12126F7-E2C4-4780-8CDA-00703CCCE53A}.Debug|Any CPU.ActiveCfg = Debug|x86
		{B12126F7-E2C4-4780-8CDA-00703CCCE53A}.Debug|ARM.ActiveCfg = Debug|ARM
		{B12126F7-E2C4-4780-8CDA-00703CCCE53A}.Debug|ARM.Build.0 = Debug|ARM
		{B12126F7-E2C4-4780-8CDA-00703CCCE53A}.Debug|ARM.Deploy.0 = Debug|ARM
		{B12126F7-E2C4-4780-8CDA-00703CCCE53A}.Debug|ARM64.ActiveCfg = Debug|x86
		{B12126F7-E2C4-4780-8CDA-00703CCCE53A}.Debug|x64.ActiveCfg = Debug|x64
		{B12126F7-E2C4-4780-8CDA-00703CCCE53A}.Debug|x64.Build.0 = Debug|x64
		{B12126F7-E2C4-4780-8CDA-00703CCCE53A}.Debug|x64.Deploy.0 = Debug|x64
		{B12126F7-E2C4-4780-8CDA-00703CCCE53A}.Debug|x86.ActiveCfg = Debug|x86
		{B12126F7-E2C4-4780-8CDA-00703CCCE53A}.Debug|x86.Build.0 = Debug|x86
		{B12126F7-E2C4-4780-8CDA-00703CCCE53A}.Debug|x86.Deploy.0 = Debug|x86
		{B12126F7-E2C4-4780-8CDA-00703CCCE53A}.Release|Any CPU.ActiveCfg = Release|x86
		{B12126F7-E2C4-4780-8CDA-00703CCCE53A}.Release|ARM.ActiveCfg = Release|ARM
		{B12126F7-E2C4-4780-8CDA-00703CCCE53A}.Release|ARM.Build.0 = Release|ARM
		{B12126F7-E2C4-4780-8CDA-00703CCCE53A}.Release|ARM.Deploy.0 = Release|ARM
		{B12126F7-E2C4-4780-8CDA-00703CCCE53A}.Release|ARM64.ActiveCfg = Release|x86
		{B12126F7-E2C4-4780-8CDA-00703CCCE53A}.Release|x64.ActiveCfg = Release|x64
		{B12126F7-E2C4-4780-8CDA-00703CCCE53A}.Release|x64.Build.0 = Release|x64
		{B12126F7-E2C4-4780-8CDA-00703CCCE53A}.Release|x64.Deploy.0 = Release|x64
		{B12126F7-E2C4-4780-8CDA-00703CCCE53A}.Release|x86.ActiveCfg = Release|x86
		{B12126F7-E2C4-4780-8CDA-00703CCCE53A}.Release|x86.Build.0 = Release|x86
		{B12126F7-E2C4-4780-8CDA-00703CCCE53A}.Release|x86.Deploy.0 = Release|x86
		{2A585C24-BFA0-4C9F-85EC-A3C2680F058A}.Debug|Any CPU.ActiveCfg = Debug|Any CPU
		{2A585C24-BFA0-4C9F-85EC-A3C2680F058A}.Debug|Any CPU.Build.0 = Debug|Any CPU
		{2A585C24-BFA0-4C9F-85EC-A3C2680F058A}.Debug|ARM.ActiveCfg = Debug|Any CPU
		{2A585C24-BFA0-4C9F-85EC-A3C2680F058A}.Debug|ARM.Build.0 = Debug|Any CPU
		{2A585C24-BFA0-4C9F-85EC-A3C2680F058A}.Debug|ARM64.ActiveCfg = Debug|Any CPU
		{2A585C24-BFA0-4C9F-85EC-A3C2680F058A}.Debug|ARM64.Build.0 = Debug|Any CPU
		{2A585C24-BFA0-4C9F-85EC-A3C2680F058A}.Debug|x64.ActiveCfg = Debug|Any CPU
		{2A585C24-BFA0-4C9F-85EC-A3C2680F058A}.Debug|x64.Build.0 = Debug|Any CPU
		{2A585C24-BFA0-4C9F-85EC-A3C2680F058A}.Debug|x86.ActiveCfg = Debug|Any CPU
		{2A585C24-BFA0-4C9F-85EC-A3C2680F058A}.Debug|x86.Build.0 = Debug|Any CPU
		{2A585C24-BFA0-4C9F-85EC-A3C2680F058A}.Release|Any CPU.ActiveCfg = Release|Any CPU
		{2A585C24-BFA0-4C9F-85EC-A3C2680F058A}.Release|Any CPU.Build.0 = Release|Any CPU
		{2A585C24-BFA0-4C9F-85EC-A3C2680F058A}.Release|ARM.ActiveCfg = Release|Any CPU
		{2A585C24-BFA0-4C9F-85EC-A3C2680F058A}.Release|ARM.Build.0 = Release|Any CPU
		{2A585C24-BFA0-4C9F-85EC-A3C2680F058A}.Release|ARM64.ActiveCfg = Release|Any CPU
		{2A585C24-BFA0-4C9F-85EC-A3C2680F058A}.Release|ARM64.Build.0 = Release|Any CPU
		{2A585C24-BFA0-4C9F-85EC-A3C2680F058A}.Release|x64.ActiveCfg = Release|Any CPU
		{2A585C24-BFA0-4C9F-85EC-A3C2680F058A}.Release|x64.Build.0 = Release|Any CPU
		{2A585C24-BFA0-4C9F-85EC-A3C2680F058A}.Release|x86.ActiveCfg = Release|Any CPU
		{2A585C24-BFA0-4C9F-85EC-A3C2680F058A}.Release|x86.Build.0 = Release|Any CPU
	EndGlobalSection
	GlobalSection(SolutionProperties) = preSolution
		HideSolutionNode = FALSE
	EndGlobalSection
	GlobalSection(ExtensibilityGlobals) = postSolution
		SolutionGuid = {AA8715D4-DED6-4F54-8E3B-D21A8B4BD532}
	EndGlobalSection
EndGlobal
