
Microsoft Visual Studio Solution File, Format Version 12.00
# Visual Studio Version 16
VisualStudioVersion = 16.0.29709.97
MinimumVisualStudioVersion = 10.0.40219.1
Project("{FAE04EC0-301F-11D3-BF4B-00C04F79EFBC}") = "Scouting_Application_2_complete", "Scouting_Application_2_complete.csproj", "{D2A2E8AA-4031-4BE6-BEBA-23E86D3F715B}"
EndProject
Project("{FAE04EC0-301F-11D3-BF4B-00C04F79EFBC}") = "Scouting_Application_2_complete.Tests.MSTest", "..\Scouting_Application_2_complete.Tests.MSTest\Scouting_Application_2_complete.Tests.MSTest.csproj", "{FB46278B-67C6-4981-98BA-B58C96EE33CD}"
EndProject
Project("{9A19103F-16F7-4668-BE54-9A1E7A4F7556}") = "Scouting_Application_2_complete.Core", "..\Scouting_Application_2_complete.Core\Scouting_Application_2_complete.Core.csproj", "{714D8885-0835-4802-99F8-02DE09CFC553}"
EndProject
Global
	GlobalSection(SolutionConfigurationPlatforms) = preSolution
		Debug|Any CPU = Debug|Any CPU
		Debug|ARM = Debug|ARM
		Debug|ARM64 = Debug|ARM64
		Debug|x64 = Debug|x64
		Debug|x86 = Debug|x86
		Release|Any CPU = Release|Any CPU
		Release|ARM = Release|ARM
		Release|ARM64 = Release|ARM64
		Release|x64 = Release|x64
		Release|x86 = Release|x86
	EndGlobalSection
	GlobalSection(ProjectConfigurationPlatforms) = postSolution
		{D2A2E8AA-4031-4BE6-BEBA-23E86D3F715B}.Debug|Any CPU.ActiveCfg = Debug|x86
		{D2A2E8AA-4031-4BE6-BEBA-23E86D3F715B}.Debug|ARM.ActiveCfg = Debug|ARM
		{D2A2E8AA-4031-4BE6-BEBA-23E86D3F715B}.Debug|ARM.Build.0 = Debug|ARM
		{D2A2E8AA-4031-4BE6-BEBA-23E86D3F715B}.Debug|ARM.Deploy.0 = Debug|ARM
		{D2A2E8AA-4031-4BE6-BEBA-23E86D3F715B}.Debug|ARM64.ActiveCfg = Debug|ARM64
		{D2A2E8AA-4031-4BE6-BEBA-23E86D3F715B}.Debug|ARM64.Build.0 = Debug|ARM64
		{D2A2E8AA-4031-4BE6-BEBA-23E86D3F715B}.Debug|ARM64.Deploy.0 = Debug|ARM64
		{D2A2E8AA-4031-4BE6-BEBA-23E86D3F715B}.Debug|x64.ActiveCfg = Debug|x64
		{D2A2E8AA-4031-4BE6-BEBA-23E86D3F715B}.Debug|x64.Build.0 = Debug|x64
		{D2A2E8AA-4031-4BE6-BEBA-23E86D3F715B}.Debug|x64.Deploy.0 = Debug|x64
		{D2A2E8AA-4031-4BE6-BEBA-23E86D3F715B}.Debug|x86.ActiveCfg = Debug|x86
		{D2A2E8AA-4031-4BE6-BEBA-23E86D3F715B}.Debug|x86.Build.0 = Debug|x86
		{D2A2E8AA-4031-4BE6-BEBA-23E86D3F715B}.Debug|x86.Deploy.0 = Debug|x86
		{D2A2E8AA-4031-4BE6-BEBA-23E86D3F715B}.Release|Any CPU.ActiveCfg = Release|x86
		{D2A2E8AA-4031-4BE6-BEBA-23E86D3F715B}.Release|ARM.ActiveCfg = Release|ARM
		{D2A2E8AA-4031-4BE6-BEBA-23E86D3F715B}.Release|ARM.Build.0 = Release|ARM
		{D2A2E8AA-4031-4BE6-BEBA-23E86D3F715B}.Release|ARM.Deploy.0 = Release|ARM
		{D2A2E8AA-4031-4BE6-BEBA-23E86D3F715B}.Release|ARM64.ActiveCfg = Release|ARM64
		{D2A2E8AA-4031-4BE6-BEBA-23E86D3F715B}.Release|ARM64.Build.0 = Release|ARM64
		{D2A2E8AA-4031-4BE6-BEBA-23E86D3F715B}.Release|ARM64.Deploy.0 = Release|ARM64
		{D2A2E8AA-4031-4BE6-BEBA-23E86D3F715B}.Release|x64.ActiveCfg = Release|x64
		{D2A2E8AA-4031-4BE6-BEBA-23E86D3F715B}.Release|x64.Build.0 = Release|x64
		{D2A2E8AA-4031-4BE6-BEBA-23E86D3F715B}.Release|x64.Deploy.0 = Release|x64
		{D2A2E8AA-4031-4BE6-BEBA-23E86D3F715B}.Release|x86.ActiveCfg = Release|x86
		{D2A2E8AA-4031-4BE6-BEBA-23E86D3F715B}.Release|x86.Build.0 = Release|x86
		{D2A2E8AA-4031-4BE6-BEBA-23E86D3F715B}.Release|x86.Deploy.0 = Release|x86
		{FB46278B-67C6-4981-98BA-B58C96EE33CD}.Debug|Any CPU.ActiveCfg = Debug|x86
		{FB46278B-67C6-4981-98BA-B58C96EE33CD}.Debug|ARM.ActiveCfg = Debug|ARM
		{FB46278B-67C6-4981-98BA-B58C96EE33CD}.Debug|ARM.Build.0 = Debug|ARM
		{FB46278B-67C6-4981-98BA-B58C96EE33CD}.Debug|ARM.Deploy.0 = Debug|ARM
		{FB46278B-67C6-4981-98BA-B58C96EE33CD}.Debug|ARM64.ActiveCfg = Debug|x86
		{FB46278B-67C6-4981-98BA-B58C96EE33CD}.Debug|x64.ActiveCfg = Debug|x64
		{FB46278B-67C6-4981-98BA-B58C96EE33CD}.Debug|x64.Build.0 = Debug|x64
		{FB46278B-67C6-4981-98BA-B58C96EE33CD}.Debug|x64.Deploy.0 = Debug|x64
		{FB46278B-67C6-4981-98BA-B58C96EE33CD}.Debug|x86.ActiveCfg = Debug|x86
		{FB46278B-67C6-4981-98BA-B58C96EE33CD}.Debug|x86.Build.0 = Debug|x86
		{FB46278B-67C6-4981-98BA-B58C96EE33CD}.Debug|x86.Deploy.0 = Debug|x86
		{FB46278B-67C6-4981-98BA-B58C96EE33CD}.Release|Any CPU.ActiveCfg = Release|x86
		{FB46278B-67C6-4981-98BA-B58C96EE33CD}.Release|ARM.ActiveCfg = Release|ARM
		{FB46278B-67C6-4981-98BA-B58C96EE33CD}.Release|ARM.Build.0 = Release|ARM
		{FB46278B-67C6-4981-98BA-B58C96EE33CD}.Release|ARM.Deploy.0 = Release|ARM
		{FB46278B-67C6-4981-98BA-B58C96EE33CD}.Release|ARM64.ActiveCfg = Release|x86
		{FB46278B-67C6-4981-98BA-B58C96EE33CD}.Release|x64.ActiveCfg = Release|x64
		{FB46278B-67C6-4981-98BA-B58C96EE33CD}.Release|x64.Build.0 = Release|x64
		{FB46278B-67C6-4981-98BA-B58C96EE33CD}.Release|x64.Deploy.0 = Release|x64
		{FB46278B-67C6-4981-98BA-B58C96EE33CD}.Release|x86.ActiveCfg = Release|x86
		{FB46278B-67C6-4981-98BA-B58C96EE33CD}.Release|x86.Build.0 = Release|x86
		{FB46278B-67C6-4981-98BA-B58C96EE33CD}.Release|x86.Deploy.0 = Release|x86
		{714D8885-0835-4802-99F8-02DE09CFC553}.Debug|Any CPU.ActiveCfg = Debug|Any CPU
		{714D8885-0835-4802-99F8-02DE09CFC553}.Debug|Any CPU.Build.0 = Debug|Any CPU
		{714D8885-0835-4802-99F8-02DE09CFC553}.Debug|ARM.ActiveCfg = Debug|Any CPU
		{714D8885-0835-4802-99F8-02DE09CFC553}.Debug|ARM.Build.0 = Debug|Any CPU
		{714D8885-0835-4802-99F8-02DE09CFC553}.Debug|ARM64.ActiveCfg = Debug|Any CPU
		{714D8885-0835-4802-99F8-02DE09CFC553}.Debug|ARM64.Build.0 = Debug|Any CPU
		{714D8885-0835-4802-99F8-02DE09CFC553}.Debug|x64.ActiveCfg = Debug|Any CPU
		{714D8885-0835-4802-99F8-02DE09CFC553}.Debug|x64.Build.0 = Debug|Any CPU
		{714D8885-0835-4802-99F8-02DE09CFC553}.Debug|x86.ActiveCfg = Debug|Any CPU
		{714D8885-0835-4802-99F8-02DE09CFC553}.Debug|x86.Build.0 = Debug|Any CPU
		{714D8885-0835-4802-99F8-02DE09CFC553}.Release|Any CPU.ActiveCfg = Release|Any CPU
		{714D8885-0835-4802-99F8-02DE09CFC553}.Release|Any CPU.Build.0 = Release|Any CPU
		{714D8885-0835-4802-99F8-02DE09CFC553}.Release|ARM.ActiveCfg = Release|Any CPU
		{714D8885-0835-4802-99F8-02DE09CFC553}.Release|ARM.Build.0 = Release|Any CPU
		{714D8885-0835-4802-99F8-02DE09CFC553}.Release|ARM64.ActiveCfg = Release|Any CPU
		{714D8885-0835-4802-99F8-02DE09CFC553}.Release|ARM64.Build.0 = Release|Any CPU
		{714D8885-0835-4802-99F8-02DE09CFC553}.Release|x64.ActiveCfg = Release|Any CPU
		{714D8885-0835-4802-99F8-02DE09CFC553}.Release|x64.Build.0 = Release|Any CPU
		{714D8885-0835-4802-99F8-02DE09CFC553}.Release|x86.ActiveCfg = Release|Any CPU
		{714D8885-0835-4802-99F8-02DE09CFC553}.Release|x86.Build.0 = Release|Any CPU
	EndGlobalSection
	GlobalSection(SolutionProperties) = preSolution
		HideSolutionNode = FALSE
	EndGlobalSection
	GlobalSection(ExtensibilityGlobals) = postSolution
		SolutionGuid = {05AF1C86-907C-4654-B1E3-B477B330B906}
	EndGlobalSection
EndGlobal
